{
  "originHash" : "f707f42e5f109c1827347e070f998ad2ccb6a5942fff7bf08a2b564eeb0736b0",
  "pins" : [
    {
      "identity" : "hotkey",
      "kind" : "remoteSourceControl",
      "location" : "https://github.com/soffes/HotKey",
      "state" : {
        "branch" : "main",
        "revision" : "4d02d80de143d69b7eeb5962729591a157a57ede"
      }
    },
    {
      "identity" : "swift-atomics",
      "kind" : "remoteSourceControl",
      "location" : "https://github.com/apple/swift-atomics.git",
      "state" : {
        "revision" : "cd142fd2f64be2100422d658e7411e39489da985",
        "version" : "1.2.0"
      }
    }
  ],
  "version" : 3
}
