// !$*UTF8*$!
{
	archiveVersion = 1;
	classes = {
	};
	objectVersion = 56;
	objects = {

/* Begin PBXBuildFile section */
		471C10B02B9CD0A000B645DC /* RencentWindow.swift in Sources */ = {isa = PBXBuildFile; fileRef = 471C10AF2B9CD0A000B645DC /* RencentWindow.swift */; };
		4741D89E2B97083100743990 /* HotKey in Frameworks */ = {isa = PBXBuildFile; productRef = 4741D89D2B97083100743990 /* HotKey */; };
		4741D8A12B97088900743990 /* Atomics in Frameworks */ = {isa = PBXBuildFile; productRef = 4741D8A02B97088900743990 /* Atomics */; };
		475247712B96DA040084460B /* Assets.xcassets in Resources */ = {isa = PBXBuildFile; fileRef = 475247702B96DA040084460B /* Assets.xcassets */; };
		4752478D2B96DC860084460B /* Menu.swift in Sources */ = {isa = PBXBuildFile; fileRef = 475247872B96DC860084460B /* Menu.swift */; };
		4752478E2B96DC860084460B /* Common.swift in Sources */ = {isa = PBXBuildFile; fileRef = 475247882B96DC860084460B /* Common.swift */; };
		4752478F2B96DC860084460B /* Shortcut.swift in Sources */ = {isa = PBXBuildFile; fileRef = 475247892B96DC860084460B /* Shortcut.swift */; };
		475247902B96DC860084460B /* main.swift in Sources */ = {isa = PBXBuildFile; fileRef = 4752478A2B96DC860084460B /* main.swift */; };
		475247912B96DC860084460B /* WindowAction.swift in Sources */ = {isa = PBXBuildFile; fileRef = 4752478B2B96DC860084460B /* WindowAction.swift */; };
		475247922B96DC860084460B /* AppDelegate.swift in Sources */ = {isa = PBXBuildFile; fileRef = 4752478C2B96DC860084460B /* AppDelegate.swift */; };
		475247A52B96DDF70084460B /* QuickLook.swift in Sources */ = {isa = PBXBuildFile; fileRef = 4752479B2B96DDF70084460B /* QuickLook.swift */; };
		475247A62B96DDF70084460B /* TmpFile.swift in Sources */ = {isa = PBXBuildFile; fileRef = 4752479C2B96DDF70084460B /* TmpFile.swift */; };
		475247A72B96DDF70084460B /* FocusManager.swift in Sources */ = {isa = PBXBuildFile; fileRef = 4752479D2B96DDF70084460B /* FocusManager.swift */; };
		475247A82B96DDF70084460B /* WebView.swift in Sources */ = {isa = PBXBuildFile; fileRef = 4752479E2B96DDF70084460B /* WebView.swift */; };
		475247AA2B96DDF70084460B /* GoogleSearch.swift in Sources */ = {isa = PBXBuildFile; fileRef = 475247A12B96DDF70084460B /* GoogleSearch.swift */; };
		475247AC2B96DDF70084460B /* Translate.swift in Sources */ = {isa = PBXBuildFile; fileRef = 475247A32B96DDF70084460B /* Translate.swift */; };
/* End PBXBuildFile section */

/* Begin PBXFileReference section */
		471C10AF2B9CD0A000B645DC /* RencentWindow.swift */ = {isa = PBXFileReference; lastKnownFileType = sourcecode.swift; path = RencentWindow.swift; sourceTree = "<group>"; };
		475247692B96DA030084460B /* ohmymac.app */ = {isa = PBXFileReference; explicitFileType = wrapper.application; includeInIndex = 0; path = ohmymac.app; sourceTree = BUILT_PRODUCTS_DIR; };
		475247702B96DA040084460B /* Assets.xcassets */ = {isa = PBXFileReference; lastKnownFileType = folder.assetcatalog; path = Assets.xcassets; sourceTree = "<group>"; };
		475247752B96DA040084460B /* ohmymac.entitlements */ = {isa = PBXFileReference; lastKnownFileType = text.plist.entitlements; path = ohmymac.entitlements; sourceTree = "<group>"; };
		475247862B96DC860084460B /* ohmymac-Bridging-Header.h */ = {isa = PBXFileReference; lastKnownFileType = sourcecode.c.h; path = "ohmymac-Bridging-Header.h"; sourceTree = "<group>"; };
		475247872B96DC860084460B /* Menu.swift */ = {isa = PBXFileReference; fileEncoding = 4; lastKnownFileType = sourcecode.swift; path = Menu.swift; sourceTree = "<group>"; };
		475247882B96DC860084460B /* Common.swift */ = {isa = PBXFileReference; fileEncoding = 4; lastKnownFileType = sourcecode.swift; path = Common.swift; sourceTree = "<group>"; };
		475247892B96DC860084460B /* Shortcut.swift */ = {isa = PBXFileReference; fileEncoding = 4; lastKnownFileType = sourcecode.swift; path = Shortcut.swift; sourceTree = "<group>"; };
		4752478A2B96DC860084460B /* main.swift */ = {isa = PBXFileReference; fileEncoding = 4; lastKnownFileType = sourcecode.swift; path = main.swift; sourceTree = "<group>"; };
		4752478B2B96DC860084460B /* WindowAction.swift */ = {isa = PBXFileReference; fileEncoding = 4; lastKnownFileType = sourcecode.swift; path = WindowAction.swift; sourceTree = "<group>"; };
		4752478C2B96DC860084460B /* AppDelegate.swift */ = {isa = PBXFileReference; fileEncoding = 4; lastKnownFileType = sourcecode.swift; path = AppDelegate.swift; sourceTree = "<group>"; };
		4752479B2B96DDF70084460B /* QuickLook.swift */ = {isa = PBXFileReference; fileEncoding = 4; lastKnownFileType = sourcecode.swift; path = QuickLook.swift; sourceTree = "<group>"; };
		4752479C2B96DDF70084460B /* TmpFile.swift */ = {isa = PBXFileReference; fileEncoding = 4; lastKnownFileType = sourcecode.swift; path = TmpFile.swift; sourceTree = "<group>"; };
		4752479D2B96DDF70084460B /* FocusManager.swift */ = {isa = PBXFileReference; fileEncoding = 4; lastKnownFileType = sourcecode.swift; path = FocusManager.swift; sourceTree = "<group>"; };
		4752479E2B96DDF70084460B /* WebView.swift */ = {isa = PBXFileReference; fileEncoding = 4; lastKnownFileType = sourcecode.swift; path = WebView.swift; sourceTree = "<group>"; };
		475247A12B96DDF70084460B /* GoogleSearch.swift */ = {isa = PBXFileReference; fileEncoding = 4; lastKnownFileType = sourcecode.swift; path = GoogleSearch.swift; sourceTree = "<group>"; };
		475247A32B96DDF70084460B /* Translate.swift */ = {isa = PBXFileReference; fileEncoding = 4; lastKnownFileType = sourcecode.swift; path = Translate.swift; sourceTree = "<group>"; };
/* End PBXFileReference section */

/* Begin PBXFrameworksBuildPhase section */
		475247662B96DA030084460B /* Frameworks */ = {
			isa = PBXFrameworksBuildPhase;
			buildActionMask = 2147483647;
			files = (
				4741D89E2B97083100743990 /* HotKey in Frameworks */,
				4741D8A12B97088900743990 /* Atomics in Frameworks */,
			);
			runOnlyForDeploymentPostprocessing = 0;
		};
/* End PBXFrameworksBuildPhase section */

/* Begin PBXGroup section */
		475247602B96DA030084460B = {
			isa = PBXGroup;
			children = (
				4752476B2B96DA030084460B /* ohmymac */,
				4752476A2B96DA030084460B /* Products */,
			);
			sourceTree = "<group>";
		};
		4752476A2B96DA030084460B /* Products */ = {
			isa = PBXGroup;
			children = (
				475247692B96DA030084460B /* ohmymac.app */,
			);
			name = Products;
			sourceTree = "<group>";
		};
		4752476B2B96DA030084460B /* ohmymac */ = {
			isa = PBXGroup;
			children = (
				475247AE2B96E1620084460B /* compoment */,
				4752479F2B96DDF70084460B /* function */,
				4752479A2B96DDF70084460B /* ui */,
				4752478C2B96DC860084460B /* AppDelegate.swift */,
				475247882B96DC860084460B /* Common.swift */,
				4752478A2B96DC860084460B /* main.swift */,
				475247702B96DA040084460B /* Assets.xcassets */,
				475247752B96DA040084460B /* ohmymac.entitlements */,
				475247862B96DC860084460B /* ohmymac-Bridging-Header.h */,
			);
			path = ohmymac;
			sourceTree = "<group>";
		};
		4752479A2B96DDF70084460B /* ui */ = {
			isa = PBXGroup;
			children = (
				475247872B96DC860084460B /* Menu.swift */,
				4752479B2B96DDF70084460B /* QuickLook.swift */,
				4752479C2B96DDF70084460B /* TmpFile.swift */,
				4752479D2B96DDF70084460B /* FocusManager.swift */,
				4752479E2B96DDF70084460B /* WebView.swift */,
			);
			path = ui;
			sourceTree = "<group>";
		};
		4752479F2B96DDF70084460B /* function */ = {
			isa = PBXGroup;
			children = (
				475247A12B96DDF70084460B /* GoogleSearch.swift */,
				475247A32B96DDF70084460B /* Translate.swift */,
			);
			path = function;
			sourceTree = "<group>";
		};
		475247AE2B96E1620084460B /* compoment */ = {
			isa = PBXGroup;
			children = (
				4752478B2B96DC860084460B /* WindowAction.swift */,
				475247892B96DC860084460B /* Shortcut.swift */,
				471C10AF2B9CD0A000B645DC /* RencentWindow.swift */,
			);
			path = compoment;
			sourceTree = "<group>";
		};
/* End PBXGroup section */

/* Begin PBXNativeTarget section */
		475247682B96DA030084460B /* ohmymac */ = {
			isa = PBXNativeTarget;
			buildConfigurationList = 475247782B96DA040084460B /* Build configuration list for PBXNativeTarget "ohmymac" */;
			buildPhases = (
				475247652B96DA030084460B /* Sources */,
				475247662B96DA030084460B /* Frameworks */,
				475247672B96DA030084460B /* Resources */,
			);
			buildRules = (
			);
			dependencies = (
			);
			name = ohmymac;
			packageProductDependencies = (
				4741D89D2B97083100743990 /* HotKey */,
				4741D8A02B97088900743990 /* Atomics */,
			);
			productName = "awesome-mac";
			productReference = 475247692B96DA030084460B /* ohmymac.app */;
			productType = "com.apple.product-type.application";
		};
/* End PBXNativeTarget section */

/* Begin PBXProject section */
		475247612B96DA030084460B /* Project object */ = {
			isa = PBXProject;
			attributes = {
				BuildIndependentTargetsInParallel = 1;
				LastSwiftUpdateCheck = 1500;
				LastUpgradeCheck = 1500;
				TargetAttributes = {
					475247682B96DA030084460B = {
						CreatedOnToolsVersion = 15.0;
						LastSwiftMigration = 1500;
					};
				};
			};
			buildConfigurationList = 475247642B96DA030084460B /* Build configuration list for PBXProject "ohmymac" */;
			compatibilityVersion = "Xcode 14.0";
			developmentRegion = en;
			hasScannedForEncodings = 0;
			knownRegions = (
				en,
				Base,
			);
			mainGroup = 475247602B96DA030084460B;
			packageReferences = (
				4741D89C2B97083100743990 /* XCRemoteSwiftPackageReference "HotKey" */,
				4741D89F2B97088900743990 /* XCRemoteSwiftPackageReference "swift-atomics" */,
			);
			productRefGroup = 4752476A2B96DA030084460B /* Products */;
			projectDirPath = "";
			projectRoot = "";
			targets = (
				475247682B96DA030084460B /* ohmymac */,
			);
		};
/* End PBXProject section */

/* Begin PBXResourcesBuildPhase section */
		475247672B96DA030084460B /* Resources */ = {
			isa = PBXResourcesBuildPhase;
			buildActionMask = 2147483647;
			files = (
				475247712B96DA040084460B /* Assets.xcassets in Resources */,
			);
			runOnlyForDeploymentPostprocessing = 0;
		};
/* End PBXResourcesBuildPhase section */

/* Begin PBXSourcesBuildPhase section */
		475247652B96DA030084460B /* Sources */ = {
			isa = PBXSourcesBuildPhase;
			buildActionMask = 2147483647;
			files = (
				475247AA2B96DDF70084460B /* GoogleSearch.swift in Sources */,
				475247922B96DC860084460B /* AppDelegate.swift in Sources */,
				471C10B02B9CD0A000B645DC /* RencentWindow.swift in Sources */,
				475247A82B96DDF70084460B /* WebView.swift in Sources */,
				475247A62B96DDF70084460B /* TmpFile.swift in Sources */,
				4752478E2B96DC860084460B /* Common.swift in Sources */,
				475247912B96DC860084460B /* WindowAction.swift in Sources */,
				4752478D2B96DC860084460B /* Menu.swift in Sources */,
				475247902B96DC860084460B /* main.swift in Sources */,
				475247A72B96DDF70084460B /* FocusManager.swift in Sources */,
				475247AC2B96DDF70084460B /* Translate.swift in Sources */,
				475247A52B96DDF70084460B /* QuickLook.swift in Sources */,
				4752478F2B96DC860084460B /* Shortcut.swift in Sources */,
			);
			runOnlyForDeploymentPostprocessing = 0;
		};
/* End PBXSourcesBuildPhase section */

/* Begin XCBuildConfiguration section */
		475247762B96DA040084460B /* Debug */ = {
			isa = XCBuildConfiguration;
			buildSettings = {
				ALWAYS_SEARCH_USER_PATHS = NO;
				ASSETCATALOG_COMPILER_GENERATE_SWIFT_ASSET_SYMBOL_EXTENSIONS = YES;
				CLANG_ANALYZER_NONNULL = YES;
				CLANG_ANALYZER_NUMBER_OBJECT_CONVERSION = YES_AGGRESSIVE;
				CLANG_CXX_LANGUAGE_STANDARD = "gnu++20";
				CLANG_ENABLE_MODULES = YES;
				CLANG_ENABLE_OBJC_ARC = YES;
				CLANG_ENABLE_OBJC_WEAK = YES;
				CLANG_WARN_BLOCK_CAPTURE_AUTORELEASING = YES;
				CLANG_WARN_BOOL_CONVERSION = YES;
				CLANG_WARN_COMMA = YES;
				CLANG_WARN_CONSTANT_CONVERSION = YES;
				CLANG_WARN_DEPRECATED_OBJC_IMPLEMENTATIONS = YES;
				CLANG_WARN_DIRECT_OBJC_ISA_USAGE = YES_ERROR;
				CLANG_WARN_DOCUMENTATION_COMMENTS = YES;
				CLANG_WARN_EMPTY_BODY = YES;
				CLANG_WARN_ENUM_CONVERSION = YES;
				CLANG_WARN_INFINITE_RECURSION = YES;
				CLANG_WARN_INT_CONVERSION = YES;
				CLANG_WARN_NON_LITERAL_NULL_CONVERSION = YES;
				CLANG_WARN_OBJC_IMPLICIT_RETAIN_SELF = YES;
				CLANG_WARN_OBJC_LITERAL_CONVERSION = YES;
				CLANG_WARN_OBJC_ROOT_CLASS = YES_ERROR;
				CLANG_WARN_QUOTED_INCLUDE_IN_FRAMEWORK_HEADER = YES;
				CLANG_WARN_RANGE_LOOP_ANALYSIS = YES;
				CLANG_WARN_STRICT_PROTOTYPES = YES;
				CLANG_WARN_SUSPICIOUS_MOVE = YES;
				CLANG_WARN_UNGUARDED_AVAILABILITY = YES_AGGRESSIVE;
				CLANG_WARN_UNREACHABLE_CODE = YES;
				CLANG_WARN__DUPLICATE_METHOD_MATCH = YES;
				COPY_PHASE_STRIP = NO;
				DEBUG_INFORMATION_FORMAT = dwarf;
				ENABLE_STRICT_OBJC_MSGSEND = YES;
				ENABLE_TESTABILITY = YES;
				ENABLE_USER_SCRIPT_SANDBOXING = YES;
				GCC_C_LANGUAGE_STANDARD = gnu17;
				GCC_DYNAMIC_NO_PIC = NO;
				GCC_NO_COMMON_BLOCKS = YES;
				GCC_OPTIMIZATION_LEVEL = 0;
				GCC_PREPROCESSOR_DEFINITIONS = (
					"DEBUG=1",
					"$(inherited)",
				);
				GCC_WARN_64_TO_32_BIT_CONVERSION = YES;
				GCC_WARN_ABOUT_RETURN_TYPE = YES_ERROR;
				GCC_WARN_UNDECLARED_SELECTOR = YES;
				GCC_WARN_UNINITIALIZED_AUTOS = YES_AGGRESSIVE;
				GCC_WARN_UNUSED_FUNCTION = YES;
				GCC_WARN_UNUSED_VARIABLE = YES;
				LOCALIZATION_PREFERS_STRING_CATALOGS = YES;
				MACOSX_DEPLOYMENT_TARGET = 14.0;
				MTL_ENABLE_DEBUG_INFO = INCLUDE_SOURCE;
				MTL_FAST_MATH = YES;
				ONLY_ACTIVE_ARCH = YES;
				SDKROOT = macosx;
				SWIFT_ACTIVE_COMPILATION_CONDITIONS = "DEBUG $(inherited)";
				SWIFT_OPTIMIZATION_LEVEL = "-Onone";
			};
			name = Debug;
		};
		475247772B96DA040084460B /* Release */ = {
			isa = XCBuildConfiguration;
			buildSettings = {
				ALWAYS_SEARCH_USER_PATHS = NO;
				ASSETCATALOG_COMPILER_GENERATE_SWIFT_ASSET_SYMBOL_EXTENSIONS = YES;
				CLANG_ANALYZER_NONNULL = YES;
				CLANG_ANALYZER_NUMBER_OBJECT_CONVERSION = YES_AGGRESSIVE;
				CLANG_CXX_LANGUAGE_STANDARD = "gnu++20";
				CLANG_ENABLE_MODULES = YES;
				CLANG_ENABLE_OBJC_ARC = YES;
				CLANG_ENABLE_OBJC_WEAK = YES;
				CLANG_WARN_BLOCK_CAPTURE_AUTORELEASING = YES;
				CLANG_WARN_BOOL_CONVERSION = YES;
				CLANG_WARN_COMMA = YES;
				CLANG_WARN_CONSTANT_CONVERSION = YES;
				CLANG_WARN_DEPRECATED_OBJC_IMPLEMENTATIONS = YES;
				CLANG_WARN_DIRECT_OBJC_ISA_USAGE = YES_ERROR;
				CLANG_WARN_DOCUMENTATION_COMMENTS = YES;
				CLANG_WARN_EMPTY_BODY = YES;
				CLANG_WARN_ENUM_CONVERSION = YES;
				CLANG_WARN_INFINITE_RECURSION = YES;
				CLANG_WARN_INT_CONVERSION = YES;
				CLANG_WARN_NON_LITERAL_NULL_CONVERSION = YES;
				CLANG_WARN_OBJC_IMPLICIT_RETAIN_SELF = YES;
				CLANG_WARN_OBJC_LITERAL_CONVERSION = YES;
				CLANG_WARN_OBJC_ROOT_CLASS = YES_ERROR;
				CLANG_WARN_QUOTED_INCLUDE_IN_FRAMEWORK_HEADER = YES;
				CLANG_WARN_RANGE_LOOP_ANALYSIS = YES;
				CLANG_WARN_STRICT_PROTOTYPES = YES;
				CLANG_WARN_SUSPICIOUS_MOVE = YES;
				CLANG_WARN_UNGUARDED_AVAILABILITY = YES_AGGRESSIVE;
				CLANG_WARN_UNREACHABLE_CODE = YES;
				CLANG_WARN__DUPLICATE_METHOD_MATCH = YES;
				COPY_PHASE_STRIP = NO;
				DEBUG_INFORMATION_FORMAT = "dwarf-with-dsym";
				ENABLE_NS_ASSERTIONS = NO;
				ENABLE_STRICT_OBJC_MSGSEND = YES;
				ENABLE_USER_SCRIPT_SANDBOXING = YES;
				GCC_C_LANGUAGE_STANDARD = gnu17;
				GCC_NO_COMMON_BLOCKS = YES;
				GCC_WARN_64_TO_32_BIT_CONVERSION = YES;
				GCC_WARN_ABOUT_RETURN_TYPE = YES_ERROR;
				GCC_WARN_UNDECLARED_SELECTOR = YES;
				GCC_WARN_UNINITIALIZED_AUTOS = YES_AGGRESSIVE;
				GCC_WARN_UNUSED_FUNCTION = YES;
				GCC_WARN_UNUSED_VARIABLE = YES;
				LOCALIZATION_PREFERS_STRING_CATALOGS = YES;
				MACOSX_DEPLOYMENT_TARGET = 14.0;
				MTL_ENABLE_DEBUG_INFO = NO;
				MTL_FAST_MATH = YES;
				SDKROOT = macosx;
				SWIFT_COMPILATION_MODE = wholemodule;
			};
			name = Release;
		};
		475247792B96DA040084460B /* Debug */ = {
			isa = XCBuildConfiguration;
			buildSettings = {
				ASSETCATALOG_COMPILER_APPICON_NAME = AppIcon;
				ASSETCATALOG_COMPILER_GLOBAL_ACCENT_COLOR_NAME = AccentColor;
				CLANG_ENABLE_MODULES = YES;
				CODE_SIGN_ENTITLEMENTS = ohmymac/ohmymac.entitlements;
				"CODE_SIGN_IDENTITY[sdk=macosx*]" = "Apple Development";
				CODE_SIGN_STYLE = Automatic;
				COMBINE_HIDPI_IMAGES = YES;
				CURRENT_PROJECT_VERSION = 10;
				DEVELOPMENT_TEAM = 5UK2N84UR3;
				GENERATE_INFOPLIST_FILE = YES;
				INFOPLIST_KEY_LSApplicationCategoryType = "public.app-category.productivity";
				INFOPLIST_KEY_LSUIElement = YES;
				INFOPLIST_KEY_NSHumanReadableCopyright = "";
				INFOPLIST_KEY_NSPrincipalClass = NSApplication;
				LD_RUNPATH_SEARCH_PATHS = (
					"$(inherited)",
					"@executable_path/../Frameworks",
				);
				MARKETING_VERSION = 1.2;
				PRODUCT_BUNDLE_IDENTIFIER = com.github.huahuak.ohmymac;
				PRODUCT_NAME = "$(TARGET_NAME)";
				SWIFT_EMIT_LOC_STRINGS = YES;
				SWIFT_OBJC_BRIDGING_HEADER = "ohmymac/ohmymac-Bridging-Header.h";
				SWIFT_OPTIMIZATION_LEVEL = "-Onone";
				SWIFT_VERSION = 5.0;
			};
			name = Debug;
		};
		4752477A2B96DA040084460B /* Release */ = {
			isa = XCBuildConfiguration;
			buildSettings = {
				ASSETCATALOG_COMPILER_APPICON_NAME = AppIcon;
				ASSETCATALOG_COMPILER_GLOBAL_ACCENT_COLOR_NAME = AccentColor;
				CLANG_ENABLE_MODULES = YES;
				CODE_SIGN_ENTITLEMENTS = ohmymac/ohmymac.entitlements;
				"CODE_SIGN_IDENTITY[sdk=macosx*]" = "Apple Development";
				CODE_SIGN_STYLE = Automatic;
				COMBINE_HIDPI_IMAGES = YES;
				CURRENT_PROJECT_VERSION = 10;
				DEVELOPMENT_TEAM = 5UK2N84UR3;
				GENERATE_INFOPLIST_FILE = YES;
				INFOPLIST_KEY_LSApplicationCategoryType = "public.app-category.productivity";
				INFOPLIST_KEY_LSUIElement = YES;
				INFOPLIST_KEY_NSHumanReadableCopyright = "";
				INFOPLIST_KEY_NSPrincipalClass = NSApplication;
				LD_RUNPATH_SEARCH_PATHS = (
					"$(inherited)",
					"@executable_path/../Frameworks",
				);
				MARKETING_VERSION = 1.2;
				PRODUCT_BUNDLE_IDENTIFIER = com.github.huahuak.ohmymac;
				PRODUCT_NAME = "$(TARGET_NAME)";
				SWIFT_EMIT_LOC_STRINGS = YES;
				SWIFT_OBJC_BRIDGING_HEADER = "ohmymac/ohmymac-Bridging-Header.h";
				SWIFT_VERSION = 5.0;
			};
			name = Release;
		};
/* End XCBuildConfiguration section */

/* Begin XCConfigurationList section */
		475247642B96DA030084460B /* Build configuration list for PBXProject "ohmymac" */ = {
			isa = XCConfigurationList;
			buildConfigurations = (
				475247762B96DA040084460B /* Debug */,
				475247772B96DA040084460B /* Release */,
			);
			defaultConfigurationIsVisible = 0;
			defaultConfigurationName = Release;
		};
		475247782B96DA040084460B /* Build configuration list for PBXNativeTarget "ohmymac" */ = {
			isa = XCConfigurationList;
			buildConfigurations = (
				475247792B96DA040084460B /* Debug */,
				4752477A2B96DA040084460B /* Release */,
			);
			defaultConfigurationIsVisible = 0;
			defaultConfigurationName = Release;
		};
/* End XCConfigurationList section */

/* Begin XCRemoteSwiftPackageReference section */
		4741D89C2B97083100743990 /* XCRemoteSwiftPackageReference "HotKey" */ = {
			isa = XCRemoteSwiftPackageReference;
			repositoryURL = "https://github.com/soffes/HotKey";
			requirement = {
				branch = main;
				kind = branch;
			};
		};
		4741D89F2B97088900743990 /* XCRemoteSwiftPackageReference "swift-atomics" */ = {
			isa = XCRemoteSwiftPackageReference;
			repositoryURL = "https://github.com/apple/swift-atomics.git";
			requirement = {
				kind = upToNextMajorVersion;
				minimumVersion = 1.2.0;
			};
		};
/* End XCRemoteSwiftPackageReference section */

/* Begin XCSwiftPackageProductDependency section */
		4741D89D2B97083100743990 /* HotKey */ = {
			isa = XCSwiftPackageProductDependency;
			package = 4741D89C2B97083100743990 /* XCRemoteSwiftPackageReference "HotKey" */;
			productName = HotKey;
		};
		4741D8A02B97088900743990 /* Atomics */ = {
			isa = XCSwiftPackageProductDependency;
			package = 4741D89F2B97088900743990 /* XCRemoteSwiftPackageReference "swift-atomics" */;
			productName = Atomics;
		};
/* End XCSwiftPackageProductDependency section */
	};
	rootObject = 475247612B96DA030084460B /* Project object */;
}
